# This file is automatically @generated by Cargo.
version = 4

[[package]]
name = "another-innocent"
version = "2.3.4"
source = "registry+https://github.com/rust-lang/crates.io-index"
checksum = "cccccccccccccccccccccccccccccccccccccccccccccccccccccccccccccccc"

[[package]]
name = "fake-malware-pkg-v1"
version = "1.6.1"
source = "registry+https://github.com/rust-lang/crates.io-index"
checksum = "bbbbbbbbbbbbbbbbbbbbbbbbbbbbbbbbbbbbbbbbbbbbbbbbbbbbbbbbbbbbbbbb"

[[package]]
name = "fixture-cargo-app"
version = "0.1.0"
dependencies = [
 "another-innocent",
 "fake-malware-pkg-v1",
 "innocent-utils",
]

[[package]]
name = "innocent-utils"
version = "1.0.0"
source = "registry+https://github.com/rust-lang/crates.io-index"
checksum = "aaaaaaaaaaaaaaaaaaaaaaaaaaaaaaaaaaaaaaaaaaaaaaaaaaaaaaaaaaaaaaaa"
