# THIS IS AN AUTOGENERATED FILE. DO NOT EDIT THIS FILE DIRECTLY.
# yarn lockfile v1


innocent-utils@^1.0.0:
  version "1.0.0"
  resolved "https://registry.yarnpkg.com/innocent-utils/-/innocent-utils-1.0.0.tgz#aaaaaa"
  integrity sha512-aW5ubMvuFjcbSgAFgOrMLy1sG0/oYSjB40vBBUkD+8WJGrfNApJcidorGFDe1VRcN0/xtU3bDxLYQPQqfbBfg==
