{
  "name": "npm-app",
  "version": "1.0.0",
  "lockfileVersion": 3,
  "packages": {
    "": {
      "name": "npm-app",
      "version": "1.0.0",
      "dependencies": {
        "innocent-utils": "1.0.0",
        "fake-malware-pkg-v1": "1.6.1",
        "another-innocent": "2.3.4"
      }
    },
    "node_modules/innocent-utils": {
      "version": "1.0.0",
      "resolved": "https://registry.npmjs.org/innocent-utils/-/innocent-utils-1.0.0.tgz",
      "integrity": "sha512-aaaaaaaa"
    },
    "node_modules/fake-malware-pkg-v1": {
      "version": "1.6.1",
      "resolved": "https://registry.npmjs.org/fake-malware-pkg-v1/-/fake-malware-pkg-v1-1.6.1.tgz",
      "integrity": "sha512-bbbbbbbb"
    },
    "node_modules/another-innocent": {
      "version": "2.3.4",
      "resolved": "https://registry.npmjs.org/another-innocent/-/another-innocent-2.3.4.tgz",
      "integrity": "sha512-cccccccc"
    }
  }
}
