{
  "lockfileVersion": 1,
  "workspaces": {
    "": {
      "name": "bun-app",
      "version": "1.0.0",
      "dependencies": {
        "innocent-utils": "^1.0.0",
        "fake-malware-pkg-v1": "^1.6.0",
        "another-innocent": "^2.3.0"
      }
    }
  },
  "packages": {
    "innocent-utils": ["innocent-utils@1.0.0", "registry+https://registry.npmjs.org/", { "integrity": "sha512-aaaaaaaaaaaaaaaaaaaaaaaaaaaaaaaaaaaaaaaaaaaaaaaaaaaaaaaaaaaaaaaaaaaaaaaaaaaaaaaaaaaaaa==" }, ""],
    "fake-malware-pkg-v1": ["fake-malware-pkg-v1@1.6.2", "registry+https://registry.npmjs.org/", { "integrity": "sha512-dddddddddddddddddddddddddddddddddddddddddddddddddddddddddddddddddddddddddddddddddddddddddd==" }, ""],
    "another-innocent": ["another-innocent@2.3.4", "registry+https://registry.npmjs.org/", { "integrity": "sha512-cccccccccccccccccccccccccccccccccccccccccccccccccccccccccccccccccccccccccccccccccccccccccc==" }, ""]
  }
}
