{
    "_meta": {
        "hash": {
            "sha256": "c3d4e5f6a1b2c3d4e5f6a1b2c3d4e5f6a1b2c3d4e5f6a1b2c3d4e5f6a1b2c3d4"
        },
        "pipfile-spec": 6,
        "requires": {
            "python_version": "3.11"
        },
        "sources": [
            {
                "name": "pypi",
                "url": "https://pypi.org/simple",
                "verify_ssl": true
            }
        ]
    },
    "default": {
        "fake-malware-pkg-v1": {
            "hashes": [
                "sha256:deadbeefdeadbeefdeadbeefdeadbeefdeadbeefdeadbeefdeadbeefdeadbeef"
            ],
            "version": "==1.6.1"
        },
        "requests": {
            "hashes": [
                "sha256:70761cfe03c773ceb22aa2f671b4757976145175cdfca038c02654d061d6dcc6"
            ],
            "version": "==2.31.0"
        },
        "another-innocent": {
            "hashes": [
                "sha256:aaaaaaaaaaaaaaaaaaaaaaaaaaaaaaaaaaaaaaaaaaaaaaaaaaaaaaaaaaaaaaaa"
            ],
            "version": "==3.2.1"
        },
        "yet-another-safe-lib": {
            "hashes": [
                "sha256:bbbbbbbbbbbbbbbbbbbbbbbbbbbbbbbbbbbbbbbbbbbbbbbbbbbbbbbbbbbbbbbb"
            ],
            "version": "==0.5.0"
        }
    },
    "develop": {
        "pytest": {
            "hashes": [
                "sha256:cccccccccccccccccccccccccccccccccccccccccccccccccccccccccccccccc"
            ],
            "version": "==7.4.0"
        }
    }
}
